
Microsoft Visual Studio Solution File, Format Version 12.00
# Visual Studio Version 17
VisualStudioVersion = 17.0.31903.59
MinimumVisualStudioVersion = 10.0.40219.1
Project("{FAE04EC0-301F-11D3-BF4B-00C04F79EFBC}") = "EnergyDashboard.Api", "EnergyDashboard.Api\EnergyDashboard.Api.csproj", "{B560D662-A394-42A2-92C3-E52DA52C064B}"
EndProject
Project("{FAE04EC0-301F-11D3-BF4B-00C04F79EFBC}") = "EnergyDashboard.Tests", "EnergyDashboard.Tests\EnergyDashboard.Tests.csproj", "{7A85EB92-F607-4F4E-8F65-7B09CAE5A1B8}"
EndProject
Global
	GlobalSection(SolutionConfigurationPlatforms) = preSolution
		Debug|Any CPU = Debug|Any CPU
		Release|Any CPU = Release|Any CPU
	EndGlobalSection
	GlobalSection(SolutionProperties) = preSolution
		HideSolutionNode = FALSE
	EndGlobalSection
	GlobalSection(ProjectConfigurationPlatforms) = postSolution
		{B560D662-A394-42A2-92C3-E52DA52C064B}.Debug|Any CPU.ActiveCfg = Debug|Any CPU
		{B560D662-A394-42A2-92C3-E52DA52C064B}.Debug|Any CPU.Build.0 = Debug|Any CPU
		{B560D662-A394-42A2-92C3-E52DA52C064B}.Release|Any CPU.ActiveCfg = Release|Any CPU
		{B560D662-A394-42A2-92C3-E52DA52C064B}.Release|Any CPU.Build.0 = Release|Any CPU
		{7A85EB92-F607-4F4E-8F65-7B09CAE5A1B8}.Debug|Any CPU.ActiveCfg = Debug|Any CPU
		{7A85EB92-F607-4F4E-8F65-7B09CAE5A1B8}.Debug|Any CPU.Build.0 = Debug|Any CPU
		{7A85EB92-F607-4F4E-8F65-7B09CAE5A1B8}.Release|Any CPU.ActiveCfg = Release|Any CPU
		{7A85EB92-F607-4F4E-8F65-7B09CAE5A1B8}.Release|Any CPU.Build.0 = Release|Any CPU
	EndGlobalSection
EndGlobal
